// !$*UTF8*$!
{
	archiveVersion = 1;
	classes = {
	};
	objectVersion = 52;
	objects = {

/* Begin PBXBuildFile section */
		FC0328CC28EE7D46009658A6 /* SettingsTableViewController.swift in Sources */ = {isa = PBXBuildFile; fileRef = FC0328CB28EE7D46009658A6 /* SettingsTableViewController.swift */; };
		FC33038128EACE6900169F3A /* SearchViewController.swift in Sources */ = {isa = PBXBuildFile; fileRef = FC33038028EACE6900169F3A /* SearchViewController.swift */; };
		FC3ECE8228EBA63800CA5C31 /* SDWebImage in Frameworks */ = {isa = PBXBuildFile; productRef = FC3ECE8128EBA63800CA5C31 /* SDWebImage */; };
		FC3ECE8828EBA72D00CA5C31 /* YoutubeDL in Frameworks */ = {isa = PBXBuildFile; productRef = FC3ECE8728EBA72D00CA5C31 /* YoutubeDL */; };
		FC636A7D2754C13900E28C7E /* AppDelegate.swift in Sources */ = {isa = PBXBuildFile; fileRef = FC636A7C2754C13900E28C7E /* AppDelegate.swift */; };
		FC636A7F2754C13900E28C7E /* SceneDelegate.swift in Sources */ = {isa = PBXBuildFile; fileRef = FC636A7E2754C13900E28C7E /* SceneDelegate.swift */; };
		FC636A842754C13900E28C7E /* Main.storyboard in Resources */ = {isa = PBXBuildFile; fileRef = FC636A822754C13900E28C7E /* Main.storyboard */; };
		FC636A862754C13A00E28C7E /* Assets.xcassets in Resources */ = {isa = PBXBuildFile; fileRef = FC636A852754C13A00E28C7E /* Assets.xcassets */; };
		FC636A892754C13A00E28C7E /* LaunchScreen.storyboard in Resources */ = {isa = PBXBuildFile; fileRef = FC636A872754C13A00E28C7E /* LaunchScreen.storyboard */; };
		FC7C927228EC1C8000C9D953 /* UpNextViewController.swift in Sources */ = {isa = PBXBuildFile; fileRef = FC7C927128EC1C7F00C9D953 /* UpNextViewController.swift */; };
		FC7C927428EC243600C9D953 /* LyricsViewController.swift in Sources */ = {isa = PBXBuildFile; fileRef = FC7C927328EC243600C9D953 /* LyricsViewController.swift */; };
		FC7C927628ECF6FE00C9D953 /* Reachability.swift in Sources */ = {isa = PBXBuildFile; fileRef = FC7C927528ECF6FE00C9D953 /* Reachability.swift */; };
		FC89A6DC28EE309D007818BC /* LibraryViewController.swift in Sources */ = {isa = PBXBuildFile; fileRef = FC89A6DB28EE309D007818BC /* LibraryViewController.swift */; };
		FC9D499928ED7F1C0074B5FF /* SongListTableViewCell.swift in Sources */ = {isa = PBXBuildFile; fileRef = FC9D499828ED7F1C0074B5FF /* SongListTableViewCell.swift */; };
		FCFD5D9128E96D6E00D3473E /* AudioPlayer.swift in Sources */ = {isa = PBXBuildFile; fileRef = FCFD5D9028E96D6E00D3473E /* AudioPlayer.swift */; };
		FCFD5D9328E97B7500D3473E /* MusicAPI.swift in Sources */ = {isa = PBXBuildFile; fileRef = FCFD5D9228E97B7500D3473E /* MusicAPI.swift */; };
		FCFD5D9528E98D2000D3473E /* HomeViewController.swift in Sources */ = {isa = PBXBuildFile; fileRef = FCFD5D9428E98D2000D3473E /* HomeViewController.swift */; };
		FCFD5D9A28EA9B4B00D3473E /* NowPlayingViewController.swift in Sources */ = {isa = PBXBuildFile; fileRef = FCFD5D9928EA9B4B00D3473E /* NowPlayingViewController.swift */; };
/* End PBXBuildFile section */

/* Begin PBXFileReference section */
		FC0328CB28EE7D46009658A6 /* SettingsTableViewController.swift */ = {isa = PBXFileReference; lastKnownFileType = sourcecode.swift; path = SettingsTableViewController.swift; sourceTree = "<group>"; };
		FC33038028EACE6900169F3A /* SearchViewController.swift */ = {isa = PBXFileReference; lastKnownFileType = sourcecode.swift; path = SearchViewController.swift; sourceTree = "<group>"; };
		FC636A792754C13900E28C7E /* Music.app */ = {isa = PBXFileReference; explicitFileType = wrapper.application; includeInIndex = 0; path = Music.app; sourceTree = BUILT_PRODUCTS_DIR; };
		FC636A7C2754C13900E28C7E /* AppDelegate.swift */ = {isa = PBXFileReference; lastKnownFileType = sourcecode.swift; path = AppDelegate.swift; sourceTree = "<group>"; };
		FC636A7E2754C13900E28C7E /* SceneDelegate.swift */ = {isa = PBXFileReference; lastKnownFileType = sourcecode.swift; path = SceneDelegate.swift; sourceTree = "<group>"; };
		FC636A832754C13900E28C7E /* Base */ = {isa = PBXFileReference; lastKnownFileType = file.storyboard; name = Base; path = Base.lproj/Main.storyboard; sourceTree = "<group>"; };
		FC636A852754C13A00E28C7E /* Assets.xcassets */ = {isa = PBXFileReference; lastKnownFileType = folder.assetcatalog; path = Assets.xcassets; sourceTree = "<group>"; };
		FC636A882754C13A00E28C7E /* Base */ = {isa = PBXFileReference; lastKnownFileType = file.storyboard; name = Base; path = Base.lproj/LaunchScreen.storyboard; sourceTree = "<group>"; };
		FC636A8A2754C13A00E28C7E /* Info.plist */ = {isa = PBXFileReference; lastKnownFileType = text.plist.xml; path = Info.plist; sourceTree = "<group>"; };
		FC7C927128EC1C7F00C9D953 /* UpNextViewController.swift */ = {isa = PBXFileReference; lastKnownFileType = sourcecode.swift; path = UpNextViewController.swift; sourceTree = "<group>"; };
		FC7C927328EC243600C9D953 /* LyricsViewController.swift */ = {isa = PBXFileReference; lastKnownFileType = sourcecode.swift; path = LyricsViewController.swift; sourceTree = "<group>"; };
		FC7C927528ECF6FE00C9D953 /* Reachability.swift */ = {isa = PBXFileReference; fileEncoding = 4; lastKnownFileType = sourcecode.swift; path = Reachability.swift; sourceTree = "<group>"; };
		FC89A6DB28EE309D007818BC /* LibraryViewController.swift */ = {isa = PBXFileReference; lastKnownFileType = sourcecode.swift; path = LibraryViewController.swift; sourceTree = "<group>"; };
		FC9D499828ED7F1C0074B5FF /* SongListTableViewCell.swift */ = {isa = PBXFileReference; lastKnownFileType = sourcecode.swift; path = SongListTableViewCell.swift; sourceTree = "<group>"; };
		FCFD5D9028E96D6E00D3473E /* AudioPlayer.swift */ = {isa = PBXFileReference; lastKnownFileType = sourcecode.swift; path = AudioPlayer.swift; sourceTree = "<group>"; };
		FCFD5D9228E97B7500D3473E /* MusicAPI.swift */ = {isa = PBXFileReference; lastKnownFileType = sourcecode.swift; path = MusicAPI.swift; sourceTree = "<group>"; };
		FCFD5D9428E98D2000D3473E /* HomeViewController.swift */ = {isa = PBXFileReference; lastKnownFileType = sourcecode.swift; path = HomeViewController.swift; sourceTree = "<group>"; };
		FCFD5D9928EA9B4B00D3473E /* NowPlayingViewController.swift */ = {isa = PBXFileReference; lastKnownFileType = sourcecode.swift; path = NowPlayingViewController.swift; sourceTree = "<group>"; };
/* End PBXFileReference section */

/* Begin PBXFrameworksBuildPhase section */
		FC636A762754C13900E28C7E /* Frameworks */ = {
			isa = PBXFrameworksBuildPhase;
			buildActionMask = 2147483647;
			files = (
				FC3ECE8828EBA72D00CA5C31 /* YoutubeDL in Frameworks */,
				FC3ECE8228EBA63800CA5C31 /* SDWebImage in Frameworks */,
			);
			runOnlyForDeploymentPostprocessing = 0;
		};
/* End PBXFrameworksBuildPhase section */

/* Begin PBXGroup section */
		FC636A702754C13900E28C7E = {
			isa = PBXGroup;
			children = (
				FC636A7B2754C13900E28C7E /* Music */,
				FC636A7A2754C13900E28C7E /* Products */,
			);
			sourceTree = "<group>";
		};
		FC636A7A2754C13900E28C7E /* Products */ = {
			isa = PBXGroup;
			children = (
				FC636A792754C13900E28C7E /* Music.app */,
			);
			name = Products;
			sourceTree = "<group>";
		};
		FC636A7B2754C13900E28C7E /* Music */ = {
			isa = PBXGroup;
			children = (
				FCDA73902908D8BB0098992A /* View Controllers */,
				FC7C927528ECF6FE00C9D953 /* Reachability.swift */,
				FC636A7C2754C13900E28C7E /* AppDelegate.swift */,
				FC636A7E2754C13900E28C7E /* SceneDelegate.swift */,
				FC636A822754C13900E28C7E /* Main.storyboard */,
				FC636A852754C13A00E28C7E /* Assets.xcassets */,
				FC636A872754C13A00E28C7E /* LaunchScreen.storyboard */,
				FC636A8A2754C13A00E28C7E /* Info.plist */,
				FCFD5D9028E96D6E00D3473E /* AudioPlayer.swift */,
				FCFD5D9228E97B7500D3473E /* MusicAPI.swift */,
			);
			path = Music;
			sourceTree = "<group>";
		};
		FCDA73902908D8BB0098992A /* View Controllers */ = {
			isa = PBXGroup;
			children = (
				FCFD5D9428E98D2000D3473E /* HomeViewController.swift */,
				FCFD5D9928EA9B4B00D3473E /* NowPlayingViewController.swift */,
				FC33038028EACE6900169F3A /* SearchViewController.swift */,
				FC7C927128EC1C7F00C9D953 /* UpNextViewController.swift */,
				FC7C927328EC243600C9D953 /* LyricsViewController.swift */,
				FC9D499828ED7F1C0074B5FF /* SongListTableViewCell.swift */,
				FC89A6DB28EE309D007818BC /* LibraryViewController.swift */,
				FC0328CB28EE7D46009658A6 /* SettingsTableViewController.swift */,
			);
			path = "View Controllers";
			sourceTree = "<group>";
		};
/* End PBXGroup section */

/* Begin PBXNativeTarget section */
		FC636A782754C13900E28C7E /* Music */ = {
			isa = PBXNativeTarget;
			buildConfigurationList = FC636A8D2754C13A00E28C7E /* Build configuration list for PBXNativeTarget "Music" */;
			buildPhases = (
				FC636A752754C13900E28C7E /* Sources */,
				FC636A762754C13900E28C7E /* Frameworks */,
				FC636A772754C13900E28C7E /* Resources */,
			);
			buildRules = (
			);
			dependencies = (
			);
			name = Music;
			packageProductDependencies = (
				FC3ECE8128EBA63800CA5C31 /* SDWebImage */,
				FC3ECE8728EBA72D00CA5C31 /* YoutubeDL */,
			);
			productName = Music;
			productReference = FC636A792754C13900E28C7E /* Music.app */;
			productType = "com.apple.product-type.application";
		};
/* End PBXNativeTarget section */

/* Begin PBXProject section */
		FC636A712754C13900E28C7E /* Project object */ = {
			isa = PBXProject;
			attributes = {
				LastSwiftUpdateCheck = 1250;
				LastUpgradeCheck = 1250;
				TargetAttributes = {
					FC636A782754C13900E28C7E = {
						CreatedOnToolsVersion = 12.5.1;
					};
				};
			};
			buildConfigurationList = FC636A742754C13900E28C7E /* Build configuration list for PBXProject "Music" */;
			compatibilityVersion = "Xcode 9.3";
			developmentRegion = en;
			hasScannedForEncodings = 0;
			knownRegions = (
				en,
				Base,
			);
			mainGroup = FC636A702754C13900E28C7E;
			packageReferences = (
				FC3ECE8028EBA63800CA5C31 /* XCRemoteSwiftPackageReference "SDWebImage" */,
				FC3ECE8628EBA72D00CA5C31 /* XCRemoteSwiftPackageReference "YoutubeDL-iOS" */,
			);
			productRefGroup = FC636A7A2754C13900E28C7E /* Products */;
			projectDirPath = "";
			projectRoot = "";
			targets = (
				FC636A782754C13900E28C7E /* Music */,
			);
		};
/* End PBXProject section */

/* Begin PBXResourcesBuildPhase section */
		FC636A772754C13900E28C7E /* Resources */ = {
			isa = PBXResourcesBuildPhase;
			buildActionMask = 2147483647;
			files = (
				FC636A892754C13A00E28C7E /* LaunchScreen.storyboard in Resources */,
				FC636A862754C13A00E28C7E /* Assets.xcassets in Resources */,
				FC636A842754C13900E28C7E /* Main.storyboard in Resources */,
			);
			runOnlyForDeploymentPostprocessing = 0;
		};
/* End PBXResourcesBuildPhase section */

/* Begin PBXSourcesBuildPhase section */
		FC636A752754C13900E28C7E /* Sources */ = {
			isa = PBXSourcesBuildPhase;
			buildActionMask = 2147483647;
			files = (
				FC7C927428EC243600C9D953 /* LyricsViewController.swift in Sources */,
				FC0328CC28EE7D46009658A6 /* SettingsTableViewController.swift in Sources */,
				FC7C927228EC1C8000C9D953 /* UpNextViewController.swift in Sources */,
				FCFD5D9528E98D2000D3473E /* HomeViewController.swift in Sources */,
				FC33038128EACE6900169F3A /* SearchViewController.swift in Sources */,
				FC636A7D2754C13900E28C7E /* AppDelegate.swift in Sources */,
				FCFD5D9328E97B7500D3473E /* MusicAPI.swift in Sources */,
				FC636A7F2754C13900E28C7E /* SceneDelegate.swift in Sources */,
				FC9D499928ED7F1C0074B5FF /* SongListTableViewCell.swift in Sources */,
				FCFD5D9A28EA9B4B00D3473E /* NowPlayingViewController.swift in Sources */,
				FC7C927628ECF6FE00C9D953 /* Reachability.swift in Sources */,
				FC89A6DC28EE309D007818BC /* LibraryViewController.swift in Sources */,
				FCFD5D9128E96D6E00D3473E /* AudioPlayer.swift in Sources */,
			);
			runOnlyForDeploymentPostprocessing = 0;
		};
/* End PBXSourcesBuildPhase section */

/* Begin PBXVariantGroup section */
		FC636A822754C13900E28C7E /* Main.storyboard */ = {
			isa = PBXVariantGroup;
			children = (
				FC636A832754C13900E28C7E /* Base */,
			);
			name = Main.storyboard;
			sourceTree = "<group>";
		};
		FC636A872754C13A00E28C7E /* LaunchScreen.storyboard */ = {
			isa = PBXVariantGroup;
			children = (
				FC636A882754C13A00E28C7E /* Base */,
			);
			name = LaunchScreen.storyboard;
			sourceTree = "<group>";
		};
/* End PBXVariantGroup section */

/* Begin XCBuildConfiguration section */
		FC636A8B2754C13A00E28C7E /* Debug */ = {
			isa = XCBuildConfiguration;
			buildSettings = {
				ALWAYS_SEARCH_USER_PATHS = NO;
				CLANG_ANALYZER_NONNULL = YES;
				CLANG_ANALYZER_NUMBER_OBJECT_CONVERSION = YES_AGGRESSIVE;
				CLANG_CXX_LANGUAGE_STANDARD = "gnu++14";
				CLANG_CXX_LIBRARY = "libc++";
				CLANG_ENABLE_MODULES = YES;
				CLANG_ENABLE_OBJC_ARC = YES;
				CLANG_ENABLE_OBJC_WEAK = YES;
				CLANG_WARN_BLOCK_CAPTURE_AUTORELEASING = YES;
				CLANG_WARN_BOOL_CONVERSION = YES;
				CLANG_WARN_COMMA = YES;
				CLANG_WARN_CONSTANT_CONVERSION = YES;
				CLANG_WARN_DEPRECATED_OBJC_IMPLEMENTATIONS = YES;
				CLANG_WARN_DIRECT_OBJC_ISA_USAGE = YES_ERROR;
				CLANG_WARN_DOCUMENTATION_COMMENTS = YES;
				CLANG_WARN_EMPTY_BODY = YES;
				CLANG_WARN_ENUM_CONVERSION = YES;
				CLANG_WARN_INFINITE_RECURSION = YES;
				CLANG_WARN_INT_CONVERSION = YES;
				CLANG_WARN_NON_LITERAL_NULL_CONVERSION = YES;
				CLANG_WARN_OBJC_IMPLICIT_RETAIN_SELF = YES;
				CLANG_WARN_OBJC_LITERAL_CONVERSION = YES;
				CLANG_WARN_OBJC_ROOT_CLASS = YES_ERROR;
				CLANG_WARN_QUOTED_INCLUDE_IN_FRAMEWORK_HEADER = YES;
				CLANG_WARN_RANGE_LOOP_ANALYSIS = YES;
				CLANG_WARN_STRICT_PROTOTYPES = YES;
				CLANG_WARN_SUSPICIOUS_MOVE = YES;
				CLANG_WARN_UNGUARDED_AVAILABILITY = YES_AGGRESSIVE;
				CLANG_WARN_UNREACHABLE_CODE = YES;
				CLANG_WARN__DUPLICATE_METHOD_MATCH = YES;
				COPY_PHASE_STRIP = NO;
				DEBUG_INFORMATION_FORMAT = dwarf;
				ENABLE_STRICT_OBJC_MSGSEND = YES;
				ENABLE_TESTABILITY = YES;
				GCC_C_LANGUAGE_STANDARD = gnu11;
				GCC_DYNAMIC_NO_PIC = NO;
				GCC_NO_COMMON_BLOCKS = YES;
				GCC_OPTIMIZATION_LEVEL = 0;
				GCC_PREPROCESSOR_DEFINITIONS = (
					"DEBUG=1",
					"$(inherited)",
				);
				GCC_WARN_64_TO_32_BIT_CONVERSION = YES;
				GCC_WARN_ABOUT_RETURN_TYPE = YES_ERROR;
				GCC_WARN_UNDECLARED_SELECTOR = YES;
				GCC_WARN_UNINITIALIZED_AUTOS = YES_AGGRESSIVE;
				GCC_WARN_UNUSED_FUNCTION = YES;
				GCC_WARN_UNUSED_VARIABLE = YES;
				IPHONEOS_DEPLOYMENT_TARGET = 14.5;
				MTL_ENABLE_DEBUG_INFO = INCLUDE_SOURCE;
				MTL_FAST_MATH = YES;
				ONLY_ACTIVE_ARCH = YES;
				SDKROOT = iphoneos;
				SWIFT_ACTIVE_COMPILATION_CONDITIONS = DEBUG;
				SWIFT_OPTIMIZATION_LEVEL = "-Onone";
			};
			name = Debug;
		};
		FC636A8C2754C13A00E28C7E /* Release */ = {
			isa = XCBuildConfiguration;
			buildSettings = {
				ALWAYS_SEARCH_USER_PATHS = NO;
				CLANG_ANALYZER_NONNULL = YES;
				CLANG_ANALYZER_NUMBER_OBJECT_CONVERSION = YES_AGGRESSIVE;
				CLANG_CXX_LANGUAGE_STANDARD = "gnu++14";
				CLANG_CXX_LIBRARY = "libc++";
				CLANG_ENABLE_MODULES = YES;
				CLANG_ENABLE_OBJC_ARC = YES;
				CLANG_ENABLE_OBJC_WEAK = YES;
				CLANG_WARN_BLOCK_CAPTURE_AUTORELEASING = YES;
				CLANG_WARN_BOOL_CONVERSION = YES;
				CLANG_WARN_COMMA = YES;
				CLANG_WARN_CONSTANT_CONVERSION = YES;
				CLANG_WARN_DEPRECATED_OBJC_IMPLEMENTATIONS = YES;
				CLANG_WARN_DIRECT_OBJC_ISA_USAGE = YES_ERROR;
				CLANG_WARN_DOCUMENTATION_COMMENTS = YES;
				CLANG_WARN_EMPTY_BODY = YES;
				CLANG_WARN_ENUM_CONVERSION = YES;
				CLANG_WARN_INFINITE_RECURSION = YES;
				CLANG_WARN_INT_CONVERSION = YES;
				CLANG_WARN_NON_LITERAL_NULL_CONVERSION = YES;
				CLANG_WARN_OBJC_IMPLICIT_RETAIN_SELF = YES;
				CLANG_WARN_OBJC_LITERAL_CONVERSION = YES;
				CLANG_WARN_OBJC_ROOT_CLASS = YES_ERROR;
				CLANG_WARN_QUOTED_INCLUDE_IN_FRAMEWORK_HEADER = YES;
				CLANG_WARN_RANGE_LOOP_ANALYSIS = YES;
				CLANG_WARN_STRICT_PROTOTYPES = YES;
				CLANG_WARN_SUSPICIOUS_MOVE = YES;
				CLANG_WARN_UNGUARDED_AVAILABILITY = YES_AGGRESSIVE;
				CLANG_WARN_UNREACHABLE_CODE = YES;
				CLANG_WARN__DUPLICATE_METHOD_MATCH = YES;
				COPY_PHASE_STRIP = NO;
				DEBUG_INFORMATION_FORMAT = "dwarf-with-dsym";
				ENABLE_NS_ASSERTIONS = NO;
				ENABLE_STRICT_OBJC_MSGSEND = YES;
				GCC_C_LANGUAGE_STANDARD = gnu11;
				GCC_NO_COMMON_BLOCKS = YES;
				GCC_WARN_64_TO_32_BIT_CONVERSION = YES;
				GCC_WARN_ABOUT_RETURN_TYPE = YES_ERROR;
				GCC_WARN_UNDECLARED_SELECTOR = YES;
				GCC_WARN_UNINITIALIZED_AUTOS = YES_AGGRESSIVE;
				GCC_WARN_UNUSED_FUNCTION = YES;
				GCC_WARN_UNUSED_VARIABLE = YES;
				IPHONEOS_DEPLOYMENT_TARGET = 14.5;
				MTL_ENABLE_DEBUG_INFO = NO;
				MTL_FAST_MATH = YES;
				SDKROOT = iphoneos;
				SWIFT_COMPILATION_MODE = wholemodule;
				SWIFT_OPTIMIZATION_LEVEL = "-O";
				VALIDATE_PRODUCT = YES;
			};
			name = Release;
		};
		FC636A8E2754C13A00E28C7E /* Debug */ = {
			isa = XCBuildConfiguration;
			buildSettings = {
				ASSETCATALOG_COMPILER_APPICON_NAME = AppIcon;
				ASSETCATALOG_COMPILER_GLOBAL_ACCENT_COLOR_NAME = AccentColor;
				CODE_SIGN_IDENTITY = "Apple Development";
				CODE_SIGN_STYLE = Automatic;
				DEVELOPMENT_TEAM = 3UH94N3C87;
				INFOPLIST_FILE = Music/Info.plist;
				INFOPLIST_KEY_CFBundleDisplayName = "L Music";
				INFOPLIST_KEY_LSApplicationCategoryType = "public.app-category.music";
				IPHONEOS_DEPLOYMENT_TARGET = 13.0;
				LD_RUNPATH_SEARCH_PATHS = (
					"$(inherited)",
					"@executable_path/Frameworks",
				);
				PRODUCT_BUNDLE_IDENTIFIER = "com.lucasalward.Music-temp";
				PRODUCT_NAME = "$(TARGET_NAME)";
				PROVISIONING_PROFILE_SPECIFIER = "";
				SWIFT_VERSION = 5.0;
				TARGETED_DEVICE_FAMILY = "1,2";
			};
			name = Debug;
		};
		FC636A8F2754C13A00E28C7E /* Release */ = {
			isa = XCBuildConfiguration;
			buildSettings = {
				ASSETCATALOG_COMPILER_APPICON_NAME = AppIcon;
				ASSETCATALOG_COMPILER_GLOBAL_ACCENT_COLOR_NAME = AccentColor;
				CODE_SIGN_IDENTITY = "Apple Development";
				CODE_SIGN_STYLE = Automatic;
				DEVELOPMENT_TEAM = 3UH94N3C87;
				INFOPLIST_FILE = Music/Info.plist;
				INFOPLIST_KEY_CFBundleDisplayName = "L Music";
				INFOPLIST_KEY_LSApplicationCategoryType = "public.app-category.music";
				IPHONEOS_DEPLOYMENT_TARGET = 13.0;
				LD_RUNPATH_SEARCH_PATHS = (
					"$(inherited)",
					"@executable_path/Frameworks",
				);
				PRODUCT_BUNDLE_IDENTIFIER = "com.lucasalward.Music-temp";
				PRODUCT_NAME = "$(TARGET_NAME)";
				PROVISIONING_PROFILE_SPECIFIER = "";
				SWIFT_VERSION = 5.0;
				TARGETED_DEVICE_FAMILY = "1,2";
			};
			name = Release;
		};
/* End XCBuildConfiguration section */

/* Begin XCConfigurationList section */
		FC636A742754C13900E28C7E /* Build configuration list for PBXProject "Music" */ = {
			isa = XCConfigurationList;
			buildConfigurations = (
				FC636A8B2754C13A00E28C7E /* Debug */,
				FC636A8C2754C13A00E28C7E /* Release */,
			);
			defaultConfigurationIsVisible = 0;
			defaultConfigurationName = Release;
		};
		FC636A8D2754C13A00E28C7E /* Build configuration list for PBXNativeTarget "Music" */ = {
			isa = XCConfigurationList;
			buildConfigurations = (
				FC636A8E2754C13A00E28C7E /* Debug */,
				FC636A8F2754C13A00E28C7E /* Release */,
			);
			defaultConfigurationIsVisible = 0;
			defaultConfigurationName = Release;
		};
/* End XCConfigurationList section */

/* Begin XCRemoteSwiftPackageReference section */
		FC3ECE8028EBA63800CA5C31 /* XCRemoteSwiftPackageReference "SDWebImage" */ = {
			isa = XCRemoteSwiftPackageReference;
			repositoryURL = "https://github.com/SDWebImage/SDWebImage";
			requirement = {
				kind = upToNextMajorVersion;
				minimumVersion = 5.0.0;
			};
		};
		FC3ECE8628EBA72D00CA5C31 /* XCRemoteSwiftPackageReference "YoutubeDL-iOS" */ = {
			isa = XCRemoteSwiftPackageReference;
			repositoryURL = "https://github.com/kewlbear/YoutubeDL-iOS.git";
			requirement = {
				branch = main;
				kind = branch;
			};
		};
/* End XCRemoteSwiftPackageReference section */

/* Begin XCSwiftPackageProductDependency section */
		FC3ECE8128EBA63800CA5C31 /* SDWebImage */ = {
			isa = XCSwiftPackageProductDependency;
			package = FC3ECE8028EBA63800CA5C31 /* XCRemoteSwiftPackageReference "SDWebImage" */;
			productName = SDWebImage;
		};
		FC3ECE8728EBA72D00CA5C31 /* YoutubeDL */ = {
			isa = XCSwiftPackageProductDependency;
			package = FC3ECE8628EBA72D00CA5C31 /* XCRemoteSwiftPackageReference "YoutubeDL-iOS" */;
			productName = YoutubeDL;
		};
/* End XCSwiftPackageProductDependency section */
	};
	rootObject = FC636A712754C13900E28C7E /* Project object */;
}
